
Microsoft Visual Studio Solution File, Format Version 12.00
# Visual Studio Version 16
VisualStudioVersion = 16.0.31402.337
MinimumVisualStudioVersion = 10.0.40219.1
Project("{FAE04EC0-301F-11D3-BF4B-00C04F79EFBC}") = "Quicksort", "Quicksort\Quicksort.csproj", "{575ECA01-7406-47C3-BEAC-DA547EF2090C}"
EndProject
Global
	GlobalSection(SolutionConfigurationPlatforms) = preSolution
		Debug|Any CPU = Debug|Any CPU
		Release|Any CPU = Release|Any CPU
	EndGlobalSection
	GlobalSection(ProjectConfigurationPlatforms) = postSolution
		{575ECA01-7406-47C3-BEAC-DA547EF2090C}.Debug|Any CPU.ActiveCfg = Debug|Any CPU
		{575ECA01-7406-47C3-BEAC-DA547EF2090C}.Debug|Any CPU.Build.0 = Debug|Any CPU
		{575ECA01-7406-47C3-BEAC-DA547EF2090C}.Release|Any CPU.ActiveCfg = Release|Any CPU
		{575ECA01-7406-47C3-BEAC-DA547EF2090C}.Release|Any CPU.Build.0 = Release|Any CPU
	EndGlobalSection
	GlobalSection(SolutionProperties) = preSolution
		HideSolutionNode = FALSE
	EndGlobalSection
	GlobalSection(ExtensibilityGlobals) = postSolution
		SolutionGuid = {A811081E-C024-4AD6-B576-494B3F171E37}
	EndGlobalSection
EndGlobal
